// !$*UTF8*$!
{
	archiveVersion = 1;
	classes = {
	};
	objectVersion = 48;
	objects = {

/* Begin PBXBuildFile section */
		5626DAAD1F86A74D006F8739 /* AppDelegate.swift in Sources */ = {isa = PBXBuildFile; fileRef = 5626DAAC1F86A74D006F8739 /* AppDelegate.swift */; };
		5626DAAF1F86A74D006F8739 /* ViewController.swift in Sources */ = {isa = PBXBuildFile; fileRef = 5626DAAE1F86A74D006F8739 /* ViewController.swift */; };
		5626DAB21F86A74D006F8739 /* Main.storyboard in Resources */ = {isa = PBXBuildFile; fileRef = 5626DAB01F86A74D006F8739 /* Main.storyboard */; };
		5626DAB41F86A74D006F8739 /* Assets.xcassets in Resources */ = {isa = PBXBuildFile; fileRef = 5626DAB31F86A74D006F8739 /* Assets.xcassets */; };
		5626DAB71F86A74D006F8739 /* LaunchScreen.storyboard in Resources */ = {isa = PBXBuildFile; fileRef = 5626DAB51F86A74D006F8739 /* LaunchScreen.storyboard */; };
		5626DABF1F86A963006F8739 /* BaseTableViewCell.swift in Sources */ = {isa = PBXBuildFile; fileRef = 5626DABE1F86A963006F8739 /* BaseTableViewCell.swift */; };
		5626DAC11F86AABB006F8739 /* UIView+.swift in Sources */ = {isa = PBXBuildFile; fileRef = 5626DAC01F86AABB006F8739 /* UIView+.swift */; };
		5626DAC41F86AB6F006F8739 /* CustomTableViewCell.swift in Sources */ = {isa = PBXBuildFile; fileRef = 5626DAC21F86AB6F006F8739 /* CustomTableViewCell.swift */; };
		5626DAC51F86AB6F006F8739 /* CustomTableViewCell.xib in Resources */ = {isa = PBXBuildFile; fileRef = 5626DAC31F86AB6F006F8739 /* CustomTableViewCell.xib */; };
/* End PBXBuildFile section */

/* Begin PBXFileReference section */
		5626DAA91F86A74D006F8739 /* WorkingWithXibAndTableViewCell.app */ = {isa = PBXFileReference; explicitFileType = wrapper.application; includeInIndex = 0; path = WorkingWithXibAndTableViewCell.app; sourceTree = BUILT_PRODUCTS_DIR; };
		5626DAAC1F86A74D006F8739 /* AppDelegate.swift */ = {isa = PBXFileReference; lastKnownFileType = sourcecode.swift; path = AppDelegate.swift; sourceTree = "<group>"; };
		5626DAAE1F86A74D006F8739 /* ViewController.swift */ = {isa = PBXFileReference; lastKnownFileType = sourcecode.swift; path = ViewController.swift; sourceTree = "<group>"; };
		5626DAB11F86A74D006F8739 /* Base */ = {isa = PBXFileReference; lastKnownFileType = file.storyboard; name = Base; path = Base.lproj/Main.storyboard; sourceTree = "<group>"; };
		5626DAB31F86A74D006F8739 /* Assets.xcassets */ = {isa = PBXFileReference; lastKnownFileType = folder.assetcatalog; path = Assets.xcassets; sourceTree = "<group>"; };
		5626DAB61F86A74D006F8739 /* Base */ = {isa = PBXFileReference; lastKnownFileType = file.storyboard; name = Base; path = Base.lproj/LaunchScreen.storyboard; sourceTree = "<group>"; };
		5626DAB81F86A74D006F8739 /* Info.plist */ = {isa = PBXFileReference; lastKnownFileType = text.plist.xml; path = Info.plist; sourceTree = "<group>"; };
		5626DABE1F86A963006F8739 /* BaseTableViewCell.swift */ = {isa = PBXFileReference; lastKnownFileType = sourcecode.swift; path = BaseTableViewCell.swift; sourceTree = "<group>"; };
		5626DAC01F86AABB006F8739 /* UIView+.swift */ = {isa = PBXFileReference; lastKnownFileType = sourcecode.swift; path = "UIView+.swift"; sourceTree = "<group>"; };
		5626DAC21F86AB6F006F8739 /* CustomTableViewCell.swift */ = {isa = PBXFileReference; lastKnownFileType = sourcecode.swift; path = CustomTableViewCell.swift; sourceTree = "<group>"; };
		5626DAC31F86AB6F006F8739 /* CustomTableViewCell.xib */ = {isa = PBXFileReference; lastKnownFileType = file.xib; path = CustomTableViewCell.xib; sourceTree = "<group>"; };
/* End PBXFileReference section */

/* Begin PBXFrameworksBuildPhase section */
		5626DAA61F86A74D006F8739 /* Frameworks */ = {
			isa = PBXFrameworksBuildPhase;
			buildActionMask = 2147483647;
			files = (
			);
			runOnlyForDeploymentPostprocessing = 0;
		};
/* End PBXFrameworksBuildPhase section */

/* Begin PBXGroup section */
		5626DAA01F86A74C006F8739 = {
			isa = PBXGroup;
			children = (
				5626DAAB1F86A74D006F8739 /* WorkingWithXibAndTableViewCell */,
				5626DAAA1F86A74D006F8739 /* Products */,
			);
			indentWidth = 2;
			sourceTree = "<group>";
			tabWidth = 2;
		};
		5626DAAA1F86A74D006F8739 /* Products */ = {
			isa = PBXGroup;
			children = (
				5626DAA91F86A74D006F8739 /* WorkingWithXibAndTableViewCell.app */,
			);
			name = Products;
			sourceTree = "<group>";
		};
		5626DAAB1F86A74D006F8739 /* WorkingWithXibAndTableViewCell */ = {
			isa = PBXGroup;
			children = (
				5626DAAC1F86A74D006F8739 /* AppDelegate.swift */,
				5626DAC01F86AABB006F8739 /* UIView+.swift */,
				5626DAAE1F86A74D006F8739 /* ViewController.swift */,
				5626DABE1F86A963006F8739 /* BaseTableViewCell.swift */,
				5626DAC21F86AB6F006F8739 /* CustomTableViewCell.swift */,
				5626DAC31F86AB6F006F8739 /* CustomTableViewCell.xib */,
				5626DAB01F86A74D006F8739 /* Main.storyboard */,
				5626DAB31F86A74D006F8739 /* Assets.xcassets */,
				5626DAB51F86A74D006F8739 /* LaunchScreen.storyboard */,
				5626DAB81F86A74D006F8739 /* Info.plist */,
			);
			path = WorkingWithXibAndTableViewCell;
			sourceTree = "<group>";
		};
/* End PBXGroup section */

/* Begin PBXNativeTarget section */
		5626DAA81F86A74D006F8739 /* WorkingWithXibAndTableViewCell */ = {
			isa = PBXNativeTarget;
			buildConfigurationList = 5626DABB1F86A74D006F8739 /* Build configuration list for PBXNativeTarget "WorkingWithXibAndTableViewCell" */;
			buildPhases = (
				5626DAA51F86A74D006F8739 /* Sources */,
				5626DAA61F86A74D006F8739 /* Frameworks */,
				5626DAA71F86A74D006F8739 /* Resources */,
			);
			buildRules = (
			);
			dependencies = (
			);
			name = WorkingWithXibAndTableViewCell;
			productName = WorkingWithXibAndTableViewCell;
			productReference = 5626DAA91F86A74D006F8739 /* WorkingWithXibAndTableViewCell.app */;
			productType = "com.apple.product-type.application";
		};
/* End PBXNativeTarget section */

/* Begin PBXProject section */
		5626DAA11F86A74C006F8739 /* Project object */ = {
			isa = PBXProject;
			attributes = {
				LastSwiftUpdateCheck = 0900;
				LastUpgradeCheck = 0900;
				ORGANIZATIONNAME = "Guilherme Prates";
				TargetAttributes = {
					5626DAA81F86A74D006F8739 = {
						CreatedOnToolsVersion = 9.0;
						ProvisioningStyle = Automatic;
					};
				};
			};
			buildConfigurationList = 5626DAA41F86A74D006F8739 /* Build configuration list for PBXProject "WorkingWithXibAndTableViewCell" */;
			compatibilityVersion = "Xcode 8.0";
			developmentRegion = en;
			hasScannedForEncodings = 0;
			knownRegions = (
				en,
				Base,
			);
			mainGroup = 5626DAA01F86A74C006F8739;
			productRefGroup = 5626DAAA1F86A74D006F8739 /* Products */;
			projectDirPath = "";
			projectRoot = "";
			targets = (
				5626DAA81F86A74D006F8739 /* WorkingWithXibAndTableViewCell */,
			);
		};
/* End PBXProject section */

/* Begin PBXResourcesBuildPhase section */
		5626DAA71F86A74D006F8739 /* Resources */ = {
			isa = PBXResourcesBuildPhase;
			buildActionMask = 2147483647;
			files = (
				5626DAB71F86A74D006F8739 /* LaunchScreen.storyboard in Resources */,
				5626DAB41F86A74D006F8739 /* Assets.xcassets in Resources */,
				5626DAC51F86AB6F006F8739 /* CustomTableViewCell.xib in Resources */,
				5626DAB21F86A74D006F8739 /* Main.storyboard in Resources */,
			);
			runOnlyForDeploymentPostprocessing = 0;
		};
/* End PBXResourcesBuildPhase section */

/* Begin PBXSourcesBuildPhase section */
		5626DAA51F86A74D006F8739 /* Sources */ = {
			isa = PBXSourcesBuildPhase;
			buildActionMask = 2147483647;
			files = (
				5626DAC11F86AABB006F8739 /* UIView+.swift in Sources */,
				5626DAC41F86AB6F006F8739 /* CustomTableViewCell.swift in Sources */,
				5626DAAF1F86A74D006F8739 /* ViewController.swift in Sources */,
				5626DABF1F86A963006F8739 /* BaseTableViewCell.swift in Sources */,
				5626DAAD1F86A74D006F8739 /* AppDelegate.swift in Sources */,
			);
			runOnlyForDeploymentPostprocessing = 0;
		};
/* End PBXSourcesBuildPhase section */

/* Begin PBXVariantGroup section */
		5626DAB01F86A74D006F8739 /* Main.storyboard */ = {
			isa = PBXVariantGroup;
			children = (
				5626DAB11F86A74D006F8739 /* Base */,
			);
			name = Main.storyboard;
			sourceTree = "<group>";
		};
		5626DAB51F86A74D006F8739 /* LaunchScreen.storyboard */ = {
			isa = PBXVariantGroup;
			children = (
				5626DAB61F86A74D006F8739 /* Base */,
			);
			name = LaunchScreen.storyboard;
			sourceTree = "<group>";
		};
/* End PBXVariantGroup section */

/* Begin XCBuildConfiguration section */
		5626DAB91F86A74D006F8739 /* Debug */ = {
			isa = XCBuildConfiguration;
			buildSettings = {
				ALWAYS_SEARCH_USER_PATHS = NO;
				CLANG_ANALYZER_NONNULL = YES;
				CLANG_ANALYZER_NUMBER_OBJECT_CONVERSION = YES_AGGRESSIVE;
				CLANG_CXX_LANGUAGE_STANDARD = "gnu++14";
				CLANG_CXX_LIBRARY = "libc++";
				CLANG_ENABLE_MODULES = YES;
				CLANG_ENABLE_OBJC_ARC = YES;
				CLANG_WARN_BLOCK_CAPTURE_AUTORELEASING = YES;
				CLANG_WARN_BOOL_CONVERSION = YES;
				CLANG_WARN_COMMA = YES;
				CLANG_WARN_CONSTANT_CONVERSION = YES;
				CLANG_WARN_DIRECT_OBJC_ISA_USAGE = YES_ERROR;
				CLANG_WARN_DOCUMENTATION_COMMENTS = YES;
				CLANG_WARN_EMPTY_BODY = YES;
				CLANG_WARN_ENUM_CONVERSION = YES;
				CLANG_WARN_INFINITE_RECURSION = YES;
				CLANG_WARN_INT_CONVERSION = YES;
				CLANG_WARN_NON_LITERAL_NULL_CONVERSION = YES;
				CLANG_WARN_OBJC_LITERAL_CONVERSION = YES;
				CLANG_WARN_OBJC_ROOT_CLASS = YES_ERROR;
				CLANG_WARN_RANGE_LOOP_ANALYSIS = YES;
				CLANG_WARN_STRICT_PROTOTYPES = YES;
				CLANG_WARN_SUSPICIOUS_MOVE = YES;
				CLANG_WARN_UNGUARDED_AVAILABILITY = YES_AGGRESSIVE;
				CLANG_WARN_UNREACHABLE_CODE = YES;
				CLANG_WARN__DUPLICATE_METHOD_MATCH = YES;
				CODE_SIGN_IDENTITY = "iPhone Developer";
				COPY_PHASE_STRIP = NO;
				DEBUG_INFORMATION_FORMAT = dwarf;
				ENABLE_STRICT_OBJC_MSGSEND = YES;
				ENABLE_TESTABILITY = YES;
				GCC_C_LANGUAGE_STANDARD = gnu11;
				GCC_DYNAMIC_NO_PIC = NO;
				GCC_NO_COMMON_BLOCKS = YES;
				GCC_OPTIMIZATION_LEVEL = 0;
				GCC_PREPROCESSOR_DEFINITIONS = (
					"DEBUG=1",
					"$(inherited)",
				);
				GCC_WARN_64_TO_32_BIT_CONVERSION = YES;
				GCC_WARN_ABOUT_RETURN_TYPE = YES_ERROR;
				GCC_WARN_UNDECLARED_SELECTOR = YES;
				GCC_WARN_UNINITIALIZED_AUTOS = YES_AGGRESSIVE;
				GCC_WARN_UNUSED_FUNCTION = YES;
				GCC_WARN_UNUSED_VARIABLE = YES;
				IPHONEOS_DEPLOYMENT_TARGET = 11.0;
				MTL_ENABLE_DEBUG_INFO = YES;
				ONLY_ACTIVE_ARCH = YES;
				SDKROOT = iphoneos;
				SWIFT_ACTIVE_COMPILATION_CONDITIONS = DEBUG;
				SWIFT_OPTIMIZATION_LEVEL = "-Onone";
			};
			name = Debug;
		};
		5626DABA1F86A74D006F8739 /* Release */ = {
			isa = XCBuildConfiguration;
			buildSettings = {
				ALWAYS_SEARCH_USER_PATHS = NO;
				CLANG_ANALYZER_NONNULL = YES;
				CLANG_ANALYZER_NUMBER_OBJECT_CONVERSION = YES_AGGRESSIVE;
				CLANG_CXX_LANGUAGE_STANDARD = "gnu++14";
				CLANG_CXX_LIBRARY = "libc++";
				CLANG_ENABLE_MODULES = YES;
				CLANG_ENABLE_OBJC_ARC = YES;
				CLANG_WARN_BLOCK_CAPTURE_AUTORELEASING = YES;
				CLANG_WARN_BOOL_CONVERSION = YES;
				CLANG_WARN_COMMA = YES;
				CLANG_WARN_CONSTANT_CONVERSION = YES;
				CLANG_WARN_DIRECT_OBJC_ISA_USAGE = YES_ERROR;
				CLANG_WARN_DOCUMENTATION_COMMENTS = YES;
				CLANG_WARN_EMPTY_BODY = YES;
				CLANG_WARN_ENUM_CONVERSION = YES;
				CLANG_WARN_INFINITE_RECURSION = YES;
				CLANG_WARN_INT_CONVERSION = YES;
				CLANG_WARN_NON_LITERAL_NULL_CONVERSION = YES;
				CLANG_WARN_OBJC_LITERAL_CONVERSION = YES;
				CLANG_WARN_OBJC_ROOT_CLASS = YES_ERROR;
				CLANG_WARN_RANGE_LOOP_ANALYSIS = YES;
				CLANG_WARN_STRICT_PROTOTYPES = YES;
				CLANG_WARN_SUSPICIOUS_MOVE = YES;
				CLANG_WARN_UNGUARDED_AVAILABILITY = YES_AGGRESSIVE;
				CLANG_WARN_UNREACHABLE_CODE = YES;
				CLANG_WARN__DUPLICATE_METHOD_MATCH = YES;
				CODE_SIGN_IDENTITY = "iPhone Developer";
				COPY_PHASE_STRIP = NO;
				DEBUG_INFORMATION_FORMAT = "dwarf-with-dsym";
				ENABLE_NS_ASSERTIONS = NO;
				ENABLE_STRICT_OBJC_MSGSEND = YES;
				GCC_C_LANGUAGE_STANDARD = gnu11;
				GCC_NO_COMMON_BLOCKS = YES;
				GCC_WARN_64_TO_32_BIT_CONVERSION = YES;
				GCC_WARN_ABOUT_RETURN_TYPE = YES_ERROR;
				GCC_WARN_UNDECLARED_SELECTOR = YES;
				GCC_WARN_UNINITIALIZED_AUTOS = YES_AGGRESSIVE;
				GCC_WARN_UNUSED_FUNCTION = YES;
				GCC_WARN_UNUSED_VARIABLE = YES;
				IPHONEOS_DEPLOYMENT_TARGET = 11.0;
				MTL_ENABLE_DEBUG_INFO = NO;
				SDKROOT = iphoneos;
				SWIFT_OPTIMIZATION_LEVEL = "-Owholemodule";
				VALIDATE_PRODUCT = YES;
			};
			name = Release;
		};
		5626DABC1F86A74D006F8739 /* Debug */ = {
			isa = XCBuildConfiguration;
			buildSettings = {
				ASSETCATALOG_COMPILER_APPICON_NAME = AppIcon;
				CODE_SIGN_STYLE = Automatic;
				DEVELOPMENT_TEAM = MULW6N96VK;
				INFOPLIST_FILE = WorkingWithXibAndTableViewCell/Info.plist;
				LD_RUNPATH_SEARCH_PATHS = "$(inherited) @executable_path/Frameworks";
				PRODUCT_BUNDLE_IDENTIFIER = com.guilhermeprates.WorkingWithXibAndTableViewCell;
				PRODUCT_NAME = "$(TARGET_NAME)";
				SWIFT_VERSION = 4.0;
				TARGETED_DEVICE_FAMILY = "1,2";
			};
			name = Debug;
		};
		5626DABD1F86A74D006F8739 /* Release */ = {
			isa = XCBuildConfiguration;
			buildSettings = {
				ASSETCATALOG_COMPILER_APPICON_NAME = AppIcon;
				CODE_SIGN_STYLE = Automatic;
				DEVELOPMENT_TEAM = MULW6N96VK;
				INFOPLIST_FILE = WorkingWithXibAndTableViewCell/Info.plist;
				LD_RUNPATH_SEARCH_PATHS = "$(inherited) @executable_path/Frameworks";
				PRODUCT_BUNDLE_IDENTIFIER = com.guilhermeprates.WorkingWithXibAndTableViewCell;
				PRODUCT_NAME = "$(TARGET_NAME)";
				SWIFT_VERSION = 4.0;
				TARGETED_DEVICE_FAMILY = "1,2";
			};
			name = Release;
		};
/* End XCBuildConfiguration section */

/* Begin XCConfigurationList section */
		5626DAA41F86A74D006F8739 /* Build configuration list for PBXProject "WorkingWithXibAndTableViewCell" */ = {
			isa = XCConfigurationList;
			buildConfigurations = (
				5626DAB91F86A74D006F8739 /* Debug */,
				5626DABA1F86A74D006F8739 /* Release */,
			);
			defaultConfigurationIsVisible = 0;
			defaultConfigurationName = Release;
		};
		5626DABB1F86A74D006F8739 /* Build configuration list for PBXNativeTarget "WorkingWithXibAndTableViewCell" */ = {
			isa = XCConfigurationList;
			buildConfigurations = (
				5626DABC1F86A74D006F8739 /* Debug */,
				5626DABD1F86A74D006F8739 /* Release */,
			);
			defaultConfigurationIsVisible = 0;
			defaultConfigurationName = Release;
		};
/* End XCConfigurationList section */
	};
	rootObject = 5626DAA11F86A74C006F8739 /* Project object */;
}
